altgraph==0.17.5
attrs==26.1.0
colorama==0.4.6
contourpy==1.3.3
cycler==0.12.1
fonttools==4.63.0
jsonschema-specifications==2025.9.1
jsonschema==4.26.0
kiwisolver==1.5.0
matplotlib==3.11.1
numpy==2.5.2
orsopy==1.2.3
packaging==26.3
pandas==2.3.3
pefile==2024.8.26
periodictable==2.1.0
pillow==12.3.0
pyinstaller-hooks-contrib==2026.6
pyinstaller==6.21.0
pyparsing==3.3.2
pyqtgraph==0.14.0
PySide6==6.11.2
PySide6_Addons==6.11.2
PySide6_Essentials==6.11.2
python-dateutil==2.9.0.post0
pytz==2026.3.post1
pywin32-ctypes==0.2.3
PyYAML==6.0.3
referencing==0.37.0
rpds-py==2026.6.3
scipy==1.18.0
setuptools==75.8.2
shiboken6==6.11.2
six==1.17.0
typing_extensions==4.16.0
tzdata==2026.3
wheel==0.45.1
xlsxwriter==3.2.9
