cython==3.3.0 --hash=sha256:03bc5333932f5dda3ba9315298ecdd21daa1b58410bb1f8ce04c78ec8337130a
meson==1.12.0 --hash=sha256:71f133147fa0fcfe8f4df49fa1045771064947834538409e5d97b3613aac8b4e
meson-python==0.21.0 --hash=sha256:b5d93fc66c80874c28916f6cb55a912fcd92a699563a4047158c50216867ad94
ninja==1.13.2 --hash=sha256:fd82e26c0706ad4ab88e5fdd26f3fab0a987a90f810160f6c322e752c6af298b
numpy==2.5.2 --hash=sha256:6e8172ddfcf5cf74b811d372b570b83c60bd2de87a6fbfbebdadb4a9bd9c6cbb
packaging==26.3 --hash=sha256:d7193f7c8e4e93f444fde0262bf90af30e16fa0ad0ad44cb553c87339b23cd1c
pip==26.1.2 --hash=sha256:382ff9f685ee3bc25864f820aa50505825f10f5458ffff07e30a6d96e5715cab
pyproject-metadata==0.12.1 --hash=sha256:f7162d580a96386a8eb096da06215f981f547d1490f03055ef99e323bc2da427
wheel==0.46.2 --hash=sha256:33ae60725d69eaa249bc1982e739943c23b34b58d51f1cb6253453773aca6e65
